// !$*UTF8*$!
{
	archiveVersion = 1;
	classes = {
	};
	objectVersion = 56;
	objects = {

/* Begin PBXBuildFile section */
		BC8233702AF33F770045B6F0 /* Fetch_iOS_MealDBApp.swift in Sources */ = {isa = PBXBuildFile; fileRef = BC82336F2AF33F770045B6F0 /* Fetch_iOS_MealDBApp.swift */; };
		BC8233722AF33F770045B6F0 /* ContentView.swift in Sources */ = {isa = PBXBuildFile; fileRef = BC8233712AF33F770045B6F0 /* ContentView.swift */; };
		BC8233742AF33F790045B6F0 /* Assets.xcassets in Resources */ = {isa = PBXBuildFile; fileRef = BC8233732AF33F790045B6F0 /* Assets.xcassets */; };
		BC8233772AF33F790045B6F0 /* Preview Assets.xcassets in Resources */ = {isa = PBXBuildFile; fileRef = BC8233762AF33F790045B6F0 /* Preview Assets.xcassets */; };
		BC8233792AF33F790045B6F0 /* Persistence.swift in Sources */ = {isa = PBXBuildFile; fileRef = BC8233782AF33F790045B6F0 /* Persistence.swift */; };
		BC82337C2AF33F790045B6F0 /* Fetch_iOS_MealDB.xcdatamodeld in Sources */ = {isa = PBXBuildFile; fileRef = BC82337A2AF33F790045B6F0 /* Fetch_iOS_MealDB.xcdatamodeld */; };
		BC8233832AF34C400045B6F0 /* MealModel.swift in Sources */ = {isa = PBXBuildFile; fileRef = BC8233822AF34C400045B6F0 /* MealModel.swift */; };
		BC8233872AF34DC50045B6F0 /* MealDetailView.swift in Sources */ = {isa = PBXBuildFile; fileRef = BC8233862AF34DC50045B6F0 /* MealDetailView.swift */; };
		BC8233892AF34F400045B6F0 /* MealListView.swift in Sources */ = {isa = PBXBuildFile; fileRef = BC8233882AF34F400045B6F0 /* MealListView.swift */; };
		BC82338E2AF350B50045B6F0 /* SearchBar.swift in Sources */ = {isa = PBXBuildFile; fileRef = BC82338D2AF350B50045B6F0 /* SearchBar.swift */; };
/* End PBXBuildFile section */

/* Begin PBXFileReference section */
		BC82336C2AF33F770045B6F0 /* Fetch-iOS-MealDB.app */ = {isa = PBXFileReference; explicitFileType = wrapper.application; includeInIndex = 0; path = "Fetch-iOS-MealDB.app"; sourceTree = BUILT_PRODUCTS_DIR; };
		BC82336F2AF33F770045B6F0 /* Fetch_iOS_MealDBApp.swift */ = {isa = PBXFileReference; lastKnownFileType = sourcecode.swift; path = Fetch_iOS_MealDBApp.swift; sourceTree = "<group>"; };
		BC8233712AF33F770045B6F0 /* ContentView.swift */ = {isa = PBXFileReference; lastKnownFileType = sourcecode.swift; path = ContentView.swift; sourceTree = "<group>"; };
		BC8233732AF33F790045B6F0 /* Assets.xcassets */ = {isa = PBXFileReference; lastKnownFileType = folder.assetcatalog; path = Assets.xcassets; sourceTree = "<group>"; };
		BC8233762AF33F790045B6F0 /* Preview Assets.xcassets */ = {isa = PBXFileReference; lastKnownFileType = folder.assetcatalog; path = "Preview Assets.xcassets"; sourceTree = "<group>"; };
		BC8233782AF33F790045B6F0 /* Persistence.swift */ = {isa = PBXFileReference; lastKnownFileType = sourcecode.swift; path = Persistence.swift; sourceTree = "<group>"; };
		BC82337B2AF33F790045B6F0 /* Fetch_iOS_MealDB.xcdatamodel */ = {isa = PBXFileReference; lastKnownFileType = wrapper.xcdatamodel; path = Fetch_iOS_MealDB.xcdatamodel; sourceTree = "<group>"; };
		BC8233822AF34C400045B6F0 /* MealModel.swift */ = {isa = PBXFileReference; lastKnownFileType = sourcecode.swift; path = MealModel.swift; sourceTree = "<group>"; };
		BC8233862AF34DC50045B6F0 /* MealDetailView.swift */ = {isa = PBXFileReference; lastKnownFileType = sourcecode.swift; path = MealDetailView.swift; sourceTree = "<group>"; };
		BC8233882AF34F400045B6F0 /* MealListView.swift */ = {isa = PBXFileReference; lastKnownFileType = sourcecode.swift; path = MealListView.swift; sourceTree = "<group>"; };
		BC82338D2AF350B50045B6F0 /* SearchBar.swift */ = {isa = PBXFileReference; lastKnownFileType = sourcecode.swift; path = SearchBar.swift; sourceTree = "<group>"; };
/* End PBXFileReference section */

/* Begin PBXFrameworksBuildPhase section */
		BC8233692AF33F770045B6F0 /* Frameworks */ = {
			isa = PBXFrameworksBuildPhase;
			buildActionMask = 2147483647;
			files = (
			);
			runOnlyForDeploymentPostprocessing = 0;
		};
/* End PBXFrameworksBuildPhase section */

/* Begin PBXGroup section */
		BC8233632AF33F770045B6F0 = {
			isa = PBXGroup;
			children = (
				BC82336E2AF33F770045B6F0 /* Fetch-iOS-MealDB */,
				BC82336D2AF33F770045B6F0 /* Products */,
			);
			sourceTree = "<group>";
		};
		BC82336D2AF33F770045B6F0 /* Products */ = {
			isa = PBXGroup;
			children = (
				BC82336C2AF33F770045B6F0 /* Fetch-iOS-MealDB.app */,
			);
			name = Products;
			sourceTree = "<group>";
		};
		BC82336E2AF33F770045B6F0 /* Fetch-iOS-MealDB */ = {
			isa = PBXGroup;
			children = (
				BC82338C2AF350A50045B6F0 /* Components_Utilities */,
				BC8233852AF34D9F0045B6F0 /* Views */,
				BC8233842AF34C480045B6F0 /* Model */,
				BC82336F2AF33F770045B6F0 /* Fetch_iOS_MealDBApp.swift */,
				BC8233712AF33F770045B6F0 /* ContentView.swift */,
				BC8233732AF33F790045B6F0 /* Assets.xcassets */,
				BC8233782AF33F790045B6F0 /* Persistence.swift */,
				BC82337A2AF33F790045B6F0 /* Fetch_iOS_MealDB.xcdatamodeld */,
				BC8233752AF33F790045B6F0 /* Preview Content */,
			);
			path = "Fetch-iOS-MealDB";
			sourceTree = "<group>";
		};
		BC8233752AF33F790045B6F0 /* Preview Content */ = {
			isa = PBXGroup;
			children = (
				BC8233762AF33F790045B6F0 /* Preview Assets.xcassets */,
			);
			path = "Preview Content";
			sourceTree = "<group>";
		};
		BC8233842AF34C480045B6F0 /* Model */ = {
			isa = PBXGroup;
			children = (
				BC8233822AF34C400045B6F0 /* MealModel.swift */,
			);
			path = Model;
			sourceTree = "<group>";
		};
		BC8233852AF34D9F0045B6F0 /* Views */ = {
			isa = PBXGroup;
			children = (
				BC8233882AF34F400045B6F0 /* MealListView.swift */,
				BC8233862AF34DC50045B6F0 /* MealDetailView.swift */,
			);
			path = Views;
			sourceTree = "<group>";
		};
		BC82338C2AF350A50045B6F0 /* Components_Utilities */ = {
			isa = PBXGroup;
			children = (
				BC82338D2AF350B50045B6F0 /* SearchBar.swift */,
			);
			path = Components_Utilities;
			sourceTree = "<group>";
		};
/* End PBXGroup section */

/* Begin PBXNativeTarget section */
		BC82336B2AF33F770045B6F0 /* Fetch-iOS-MealDB */ = {
			isa = PBXNativeTarget;
			buildConfigurationList = BC82337F2AF33F790045B6F0 /* Build configuration list for PBXNativeTarget "Fetch-iOS-MealDB" */;
			buildPhases = (
				BC8233682AF33F770045B6F0 /* Sources */,
				BC8233692AF33F770045B6F0 /* Frameworks */,
				BC82336A2AF33F770045B6F0 /* Resources */,
			);
			buildRules = (
			);
			dependencies = (
			);
			name = "Fetch-iOS-MealDB";
			productName = "Fetch-iOS-MealDB";
			productReference = BC82336C2AF33F770045B6F0 /* Fetch-iOS-MealDB.app */;
			productType = "com.apple.product-type.application";
		};
/* End PBXNativeTarget section */

/* Begin PBXProject section */
		BC8233642AF33F770045B6F0 /* Project object */ = {
			isa = PBXProject;
			attributes = {
				BuildIndependentTargetsInParallel = 1;
				LastSwiftUpdateCheck = 1500;
				LastUpgradeCheck = 1500;
				TargetAttributes = {
					BC82336B2AF33F770045B6F0 = {
						CreatedOnToolsVersion = 15.0.1;
					};
				};
			};
			buildConfigurationList = BC8233672AF33F770045B6F0 /* Build configuration list for PBXProject "Fetch-iOS-MealDB" */;
			compatibilityVersion = "Xcode 14.0";
			developmentRegion = en;
			hasScannedForEncodings = 0;
			knownRegions = (
				en,
				Base,
			);
			mainGroup = BC8233632AF33F770045B6F0;
			productRefGroup = BC82336D2AF33F770045B6F0 /* Products */;
			projectDirPath = "";
			projectRoot = "";
			targets = (
				BC82336B2AF33F770045B6F0 /* Fetch-iOS-MealDB */,
			);
		};
/* End PBXProject section */

/* Begin PBXResourcesBuildPhase section */
		BC82336A2AF33F770045B6F0 /* Resources */ = {
			isa = PBXResourcesBuildPhase;
			buildActionMask = 2147483647;
			files = (
				BC8233772AF33F790045B6F0 /* Preview Assets.xcassets in Resources */,
				BC8233742AF33F790045B6F0 /* Assets.xcassets in Resources */,
			);
			runOnlyForDeploymentPostprocessing = 0;
		};
/* End PBXResourcesBuildPhase section */

/* Begin PBXSourcesBuildPhase section */
		BC8233682AF33F770045B6F0 /* Sources */ = {
			isa = PBXSourcesBuildPhase;
			buildActionMask = 2147483647;
			files = (
				BC8233872AF34DC50045B6F0 /* MealDetailView.swift in Sources */,
				BC8233832AF34C400045B6F0 /* MealModel.swift in Sources */,
				BC8233792AF33F790045B6F0 /* Persistence.swift in Sources */,
				BC82337C2AF33F790045B6F0 /* Fetch_iOS_MealDB.xcdatamodeld in Sources */,
				BC8233722AF33F770045B6F0 /* ContentView.swift in Sources */,
				BC82338E2AF350B50045B6F0 /* SearchBar.swift in Sources */,
				BC8233892AF34F400045B6F0 /* MealListView.swift in Sources */,
				BC8233702AF33F770045B6F0 /* Fetch_iOS_MealDBApp.swift in Sources */,
			);
			runOnlyForDeploymentPostprocessing = 0;
		};
/* End PBXSourcesBuildPhase section */

/* Begin XCBuildConfiguration section */
		BC82337D2AF33F790045B6F0 /* Debug */ = {
			isa = XCBuildConfiguration;
			buildSettings = {
				ALWAYS_SEARCH_USER_PATHS = NO;
				ASSETCATALOG_COMPILER_GENERATE_SWIFT_ASSET_SYMBOL_EXTENSIONS = YES;
				CLANG_ANALYZER_NONNULL = YES;
				CLANG_ANALYZER_NUMBER_OBJECT_CONVERSION = YES_AGGRESSIVE;
				CLANG_CXX_LANGUAGE_STANDARD = "gnu++20";
				CLANG_ENABLE_MODULES = YES;
				CLANG_ENABLE_OBJC_ARC = YES;
				CLANG_ENABLE_OBJC_WEAK = YES;
				CLANG_WARN_BLOCK_CAPTURE_AUTORELEASING = YES;
				CLANG_WARN_BOOL_CONVERSION = YES;
				CLANG_WARN_COMMA = YES;
				CLANG_WARN_CONSTANT_CONVERSION = YES;
				CLANG_WARN_DEPRECATED_OBJC_IMPLEMENTATIONS = YES;
				CLANG_WARN_DIRECT_OBJC_ISA_USAGE = YES_ERROR;
				CLANG_WARN_DOCUMENTATION_COMMENTS = YES;
				CLANG_WARN_EMPTY_BODY = YES;
				CLANG_WARN_ENUM_CONVERSION = YES;
				CLANG_WARN_INFINITE_RECURSION = YES;
				CLANG_WARN_INT_CONVERSION = YES;
				CLANG_WARN_NON_LITERAL_NULL_CONVERSION = YES;
				CLANG_WARN_OBJC_IMPLICIT_RETAIN_SELF = YES;
				CLANG_WARN_OBJC_LITERAL_CONVERSION = YES;
				CLANG_WARN_OBJC_ROOT_CLASS = YES_ERROR;
				CLANG_WARN_QUOTED_INCLUDE_IN_FRAMEWORK_HEADER = YES;
				CLANG_WARN_RANGE_LOOP_ANALYSIS = YES;
				CLANG_WARN_STRICT_PROTOTYPES = YES;
				CLANG_WARN_SUSPICIOUS_MOVE = YES;
				CLANG_WARN_UNGUARDED_AVAILABILITY = YES_AGGRESSIVE;
				CLANG_WARN_UNREACHABLE_CODE = YES;
				CLANG_WARN__DUPLICATE_METHOD_MATCH = YES;
				COPY_PHASE_STRIP = NO;
				DEBUG_INFORMATION_FORMAT = dwarf;
				ENABLE_STRICT_OBJC_MSGSEND = YES;
				ENABLE_TESTABILITY = YES;
				ENABLE_USER_SCRIPT_SANDBOXING = YES;
				GCC_C_LANGUAGE_STANDARD = gnu17;
				GCC_DYNAMIC_NO_PIC = NO;
				GCC_NO_COMMON_BLOCKS = YES;
				GCC_OPTIMIZATION_LEVEL = 0;
				GCC_PREPROCESSOR_DEFINITIONS = (
					"DEBUG=1",
					"$(inherited)",
				);
				GCC_WARN_64_TO_32_BIT_CONVERSION = YES;
				GCC_WARN_ABOUT_RETURN_TYPE = YES_ERROR;
				GCC_WARN_UNDECLARED_SELECTOR = YES;
				GCC_WARN_UNINITIALIZED_AUTOS = YES_AGGRESSIVE;
				GCC_WARN_UNUSED_FUNCTION = YES;
				GCC_WARN_UNUSED_VARIABLE = YES;
				IPHONEOS_DEPLOYMENT_TARGET = 17.0;
				LOCALIZATION_PREFERS_STRING_CATALOGS = YES;
				MTL_ENABLE_DEBUG_INFO = INCLUDE_SOURCE;
				MTL_FAST_MATH = YES;
				ONLY_ACTIVE_ARCH = YES;
				SDKROOT = iphoneos;
				SWIFT_ACTIVE_COMPILATION_CONDITIONS = "DEBUG $(inherited)";
				SWIFT_OPTIMIZATION_LEVEL = "-Onone";
			};
			name = Debug;
		};
		BC82337E2AF33F790045B6F0 /* Release */ = {
			isa = XCBuildConfiguration;
			buildSettings = {
				ALWAYS_SEARCH_USER_PATHS = NO;
				ASSETCATALOG_COMPILER_GENERATE_SWIFT_ASSET_SYMBOL_EXTENSIONS = YES;
				CLANG_ANALYZER_NONNULL = YES;
				CLANG_ANALYZER_NUMBER_OBJECT_CONVERSION = YES_AGGRESSIVE;
				CLANG_CXX_LANGUAGE_STANDARD = "gnu++20";
				CLANG_ENABLE_MODULES = YES;
				CLANG_ENABLE_OBJC_ARC = YES;
				CLANG_ENABLE_OBJC_WEAK = YES;
				CLANG_WARN_BLOCK_CAPTURE_AUTORELEASING = YES;
				CLANG_WARN_BOOL_CONVERSION = YES;
				CLANG_WARN_COMMA = YES;
				CLANG_WARN_CONSTANT_CONVERSION = YES;
				CLANG_WARN_DEPRECATED_OBJC_IMPLEMENTATIONS = YES;
				CLANG_WARN_DIRECT_OBJC_ISA_USAGE = YES_ERROR;
				CLANG_WARN_DOCUMENTATION_COMMENTS = YES;
				CLANG_WARN_EMPTY_BODY = YES;
				CLANG_WARN_ENUM_CONVERSION = YES;
				CLANG_WARN_INFINITE_RECURSION = YES;
				CLANG_WARN_INT_CONVERSION = YES;
				CLANG_WARN_NON_LITERAL_NULL_CONVERSION = YES;
				CLANG_WARN_OBJC_IMPLICIT_RETAIN_SELF = YES;
				CLANG_WARN_OBJC_LITERAL_CONVERSION = YES;
				CLANG_WARN_OBJC_ROOT_CLASS = YES_ERROR;
				CLANG_WARN_QUOTED_INCLUDE_IN_FRAMEWORK_HEADER = YES;
				CLANG_WARN_RANGE_LOOP_ANALYSIS = YES;
				CLANG_WARN_STRICT_PROTOTYPES = YES;
				CLANG_WARN_SUSPICIOUS_MOVE = YES;
				CLANG_WARN_UNGUARDED_AVAILABILITY = YES_AGGRESSIVE;
				CLANG_WARN_UNREACHABLE_CODE = YES;
				CLANG_WARN__DUPLICATE_METHOD_MATCH = YES;
				COPY_PHASE_STRIP = NO;
				DEBUG_INFORMATION_FORMAT = "dwarf-with-dsym";
				ENABLE_NS_ASSERTIONS = NO;
				ENABLE_STRICT_OBJC_MSGSEND = YES;
				ENABLE_USER_SCRIPT_SANDBOXING = YES;
				GCC_C_LANGUAGE_STANDARD = gnu17;
				GCC_NO_COMMON_BLOCKS = YES;
				GCC_WARN_64_TO_32_BIT_CONVERSION = YES;
				GCC_WARN_ABOUT_RETURN_TYPE = YES_ERROR;
				GCC_WARN_UNDECLARED_SELECTOR = YES;
				GCC_WARN_UNINITIALIZED_AUTOS = YES_AGGRESSIVE;
				GCC_WARN_UNUSED_FUNCTION = YES;
				GCC_WARN_UNUSED_VARIABLE = YES;
				IPHONEOS_DEPLOYMENT_TARGET = 17.0;
				LOCALIZATION_PREFERS_STRING_CATALOGS = YES;
				MTL_ENABLE_DEBUG_INFO = NO;
				MTL_FAST_MATH = YES;
				SDKROOT = iphoneos;
				SWIFT_COMPILATION_MODE = wholemodule;
				VALIDATE_PRODUCT = YES;
			};
			name = Release;
		};
		BC8233802AF33F790045B6F0 /* Debug */ = {
			isa = XCBuildConfiguration;
			buildSettings = {
				ASSETCATALOG_COMPILER_APPICON_NAME = AppIcon;
				ASSETCATALOG_COMPILER_GLOBAL_ACCENT_COLOR_NAME = AccentColor;
				CODE_SIGN_STYLE = Automatic;
				CURRENT_PROJECT_VERSION = 1;
				DEVELOPMENT_ASSET_PATHS = "\"Fetch-iOS-MealDB/Preview Content\"";
				DEVELOPMENT_TEAM = 79R644N9YX;
				ENABLE_PREVIEWS = YES;
				GENERATE_INFOPLIST_FILE = YES;
				INFOPLIST_KEY_CFBundleDisplayName = "The Next Meal";
				INFOPLIST_KEY_LSApplicationCategoryType = "public.app-category.food-and-drink";
				INFOPLIST_KEY_UIApplicationSceneManifest_Generation = YES;
				INFOPLIST_KEY_UIApplicationSupportsIndirectInputEvents = YES;
				INFOPLIST_KEY_UILaunchScreen_Generation = YES;
				INFOPLIST_KEY_UISupportedInterfaceOrientations = UIInterfaceOrientationPortrait;
				INFOPLIST_KEY_UISupportedInterfaceOrientations_iPad = "UIInterfaceOrientationLandscapeLeft UIInterfaceOrientationLandscapeRight UIInterfaceOrientationPortrait UIInterfaceOrientationPortraitUpsideDown";
				LD_RUNPATH_SEARCH_PATHS = (
					"$(inherited)",
					"@executable_path/Frameworks",
				);
				MARKETING_VERSION = 1.0;
				PRODUCT_BUNDLE_IDENTIFIER = "jaswithareddyg.Fetch-iOS-MealDB";
				PRODUCT_NAME = "$(TARGET_NAME)";
				SUPPORTED_PLATFORMS = "iphoneos iphonesimulator";
				SUPPORTS_MACCATALYST = NO;
				SWIFT_EMIT_LOC_STRINGS = YES;
				SWIFT_VERSION = 5.0;
				TARGETED_DEVICE_FAMILY = 1;
			};
			name = Debug;
		};
		BC8233812AF33F790045B6F0 /* Release */ = {
			isa = XCBuildConfiguration;
			buildSettings = {
				ASSETCATALOG_COMPILER_APPICON_NAME = AppIcon;
				ASSETCATALOG_COMPILER_GLOBAL_ACCENT_COLOR_NAME = AccentColor;
				CODE_SIGN_STYLE = Automatic;
				CURRENT_PROJECT_VERSION = 1;
				DEVELOPMENT_ASSET_PATHS = "\"Fetch-iOS-MealDB/Preview Content\"";
				DEVELOPMENT_TEAM = 79R644N9YX;
				ENABLE_PREVIEWS = YES;
				GENERATE_INFOPLIST_FILE = YES;
				INFOPLIST_KEY_CFBundleDisplayName = "The Next Meal";
				INFOPLIST_KEY_LSApplicationCategoryType = "public.app-category.food-and-drink";
				INFOPLIST_KEY_UIApplicationSceneManifest_Generation = YES;
				INFOPLIST_KEY_UIApplicationSupportsIndirectInputEvents = YES;
				INFOPLIST_KEY_UILaunchScreen_Generation = YES;
				INFOPLIST_KEY_UISupportedInterfaceOrientations = UIInterfaceOrientationPortrait;
				INFOPLIST_KEY_UISupportedInterfaceOrientations_iPad = "UIInterfaceOrientationLandscapeLeft UIInterfaceOrientationLandscapeRight UIInterfaceOrientationPortrait UIInterfaceOrientationPortraitUpsideDown";
				LD_RUNPATH_SEARCH_PATHS = (
					"$(inherited)",
					"@executable_path/Frameworks",
				);
				MARKETING_VERSION = 1.0;
				PRODUCT_BUNDLE_IDENTIFIER = "jaswithareddyg.Fetch-iOS-MealDB";
				PRODUCT_NAME = "$(TARGET_NAME)";
				SUPPORTED_PLATFORMS = "iphoneos iphonesimulator";
				SUPPORTS_MACCATALYST = NO;
				SWIFT_EMIT_LOC_STRINGS = YES;
				SWIFT_VERSION = 5.0;
				TARGETED_DEVICE_FAMILY = 1;
			};
			name = Release;
		};
/* End XCBuildConfiguration section */

/* Begin XCConfigurationList section */
		BC8233672AF33F770045B6F0 /* Build configuration list for PBXProject "Fetch-iOS-MealDB" */ = {
			isa = XCConfigurationList;
			buildConfigurations = (
				BC82337D2AF33F790045B6F0 /* Debug */,
				BC82337E2AF33F790045B6F0 /* Release */,
			);
			defaultConfigurationIsVisible = 0;
			defaultConfigurationName = Release;
		};
		BC82337F2AF33F790045B6F0 /* Build configuration list for PBXNativeTarget "Fetch-iOS-MealDB" */ = {
			isa = XCConfigurationList;
			buildConfigurations = (
				BC8233802AF33F790045B6F0 /* Debug */,
				BC8233812AF33F790045B6F0 /* Release */,
			);
			defaultConfigurationIsVisible = 0;
			defaultConfigurationName = Release;
		};
/* End XCConfigurationList section */

/* Begin XCVersionGroup section */
		BC82337A2AF33F790045B6F0 /* Fetch_iOS_MealDB.xcdatamodeld */ = {
			isa = XCVersionGroup;
			children = (
				BC82337B2AF33F790045B6F0 /* Fetch_iOS_MealDB.xcdatamodel */,
			);
			currentVersion = BC82337B2AF33F790045B6F0 /* Fetch_iOS_MealDB.xcdatamodel */;
			path = Fetch_iOS_MealDB.xcdatamodeld;
			sourceTree = "<group>";
			versionGroupType = wrapper.xcdatamodel;
		};
/* End XCVersionGroup section */
	};
	rootObject = BC8233642AF33F770045B6F0 /* Project object */;
}
